
Microsoft Visual Studio Solution File, Format Version 12.00
# Visual Studio Version 17
VisualStudioVersion = 17.11.35327.3
MinimumVisualStudioVersion = 10.0.40219.1
Project("{FAE04EC0-301F-11D3-BF4B-00C04F79EFBC}") = "LR1", "LR1\LR1.csproj", "{1A80C65E-8C58-46C4-9933-BAC9720BA823}"
EndProject
Global
	GlobalSection(SolutionConfigurationPlatforms) = preSolution
		Debug|Any CPU = Debug|Any CPU
		Release|Any CPU = Release|Any CPU
	EndGlobalSection
	GlobalSection(ProjectConfigurationPlatforms) = postSolution
		{1A80C65E-8C58-46C4-9933-BAC9720BA823}.Debug|Any CPU.ActiveCfg = Debug|Any CPU
		{1A80C65E-8C58-46C4-9933-BAC9720BA823}.Debug|Any CPU.Build.0 = Debug|Any CPU
		{1A80C65E-8C58-46C4-9933-BAC9720BA823}.Release|Any CPU.ActiveCfg = Release|Any CPU
		{1A80C65E-8C58-46C4-9933-BAC9720BA823}.Release|Any CPU.Build.0 = Release|Any CPU
	EndGlobalSection
	GlobalSection(SolutionProperties) = preSolution
		HideSolutionNode = FALSE
	EndGlobalSection
	GlobalSection(ExtensibilityGlobals) = postSolution
		SolutionGuid = {43C8B132-09D8-49B9-82EF-FB9948CFF0B0}
	EndGlobalSection
EndGlobal
