<<<<<<< HEAD
﻿
Microsoft Visual Studio Solution File, Format Version 12.00
# Visual Studio Version 17
VisualStudioVersion = 17.11.35327.3
MinimumVisualStudioVersion = 10.0.40219.1
Project("{FAE04EC0-301F-11D3-BF4B-00C04F79EFBC}") = "LR5", "LR5\LR5.csproj", "{9D0A52C4-2828-4B7E-A104-60365A2E37AC}"
EndProject
Global
	GlobalSection(SolutionConfigurationPlatforms) = preSolution
		Debug|Any CPU = Debug|Any CPU
		Release|Any CPU = Release|Any CPU
	EndGlobalSection
	GlobalSection(ProjectConfigurationPlatforms) = postSolution
		{9D0A52C4-2828-4B7E-A104-60365A2E37AC}.Debug|Any CPU.ActiveCfg = Debug|Any CPU
		{9D0A52C4-2828-4B7E-A104-60365A2E37AC}.Debug|Any CPU.Build.0 = Debug|Any CPU
		{9D0A52C4-2828-4B7E-A104-60365A2E37AC}.Release|Any CPU.ActiveCfg = Release|Any CPU
		{9D0A52C4-2828-4B7E-A104-60365A2E37AC}.Release|Any CPU.Build.0 = Release|Any CPU
	EndGlobalSection
	GlobalSection(SolutionProperties) = preSolution
		HideSolutionNode = FALSE
	EndGlobalSection
	GlobalSection(ExtensibilityGlobals) = postSolution
		SolutionGuid = {CD3EB381-EDC7-4005-AE29-9374033EAB06}
	EndGlobalSection
EndGlobal
=======
﻿
Microsoft Visual Studio Solution File, Format Version 12.00
# Visual Studio Version 17
VisualStudioVersion = 17.11.35327.3
MinimumVisualStudioVersion = 10.0.40219.1
Project("{FAE04EC0-301F-11D3-BF4B-00C04F79EFBC}") = "LR5", "LR5\LR5.csproj", "{9D0A52C4-2828-4B7E-A104-60365A2E37AC}"
EndProject
Global
	GlobalSection(SolutionConfigurationPlatforms) = preSolution
		Debug|Any CPU = Debug|Any CPU
		Release|Any CPU = Release|Any CPU
	EndGlobalSection
	GlobalSection(ProjectConfigurationPlatforms) = postSolution
		{9D0A52C4-2828-4B7E-A104-60365A2E37AC}.Debug|Any CPU.ActiveCfg = Debug|Any CPU
		{9D0A52C4-2828-4B7E-A104-60365A2E37AC}.Debug|Any CPU.Build.0 = Debug|Any CPU
		{9D0A52C4-2828-4B7E-A104-60365A2E37AC}.Release|Any CPU.ActiveCfg = Release|Any CPU
		{9D0A52C4-2828-4B7E-A104-60365A2E37AC}.Release|Any CPU.Build.0 = Release|Any CPU
	EndGlobalSection
	GlobalSection(SolutionProperties) = preSolution
		HideSolutionNode = FALSE
	EndGlobalSection
	GlobalSection(ExtensibilityGlobals) = postSolution
		SolutionGuid = {CD3EB381-EDC7-4005-AE29-9374033EAB06}
	EndGlobalSection
EndGlobal
>>>>>>> c59f26120e21339f454fe3f8b89b7d34945767e6
